// !$*UTF8*$!
{
	archiveVersion = 1;
	classes = {
	};
	objectVersion = 55;
	objects = {

/* Begin PBXBuildFile section */
		4900ECB1282E1F570077994B /* MapScreen.swift in Sources */ = {isa = PBXBuildFile; fileRef = 4900ECB0282E1F570077994B /* MapScreen.swift */; };
		4900ECB5282E21F10077994B /* LocationAnnotation.swift in Sources */ = {isa = PBXBuildFile; fileRef = 4900ECB4282E21F10077994B /* LocationAnnotation.swift */; };
		4900ECB7282E22680077994B /* NewLocationDelegate.swift in Sources */ = {isa = PBXBuildFile; fileRef = 4900ECB6282E22680077994B /* NewLocationDelegate.swift */; };
		4900ECBD282E2FDE0077994B /* Assets.xcassets in Resources */ = {isa = PBXBuildFile; fileRef = 4900ECBC282E2FDD0077994B /* Assets.xcassets */; };
		490B804F282F7FD10020D69E /* CameraScreen.swift in Sources */ = {isa = PBXBuildFile; fileRef = 490B804E282F7FD10020D69E /* CameraScreen.swift */; };
		49225DDC282D22A600993A22 /* CardView.swift in Sources */ = {isa = PBXBuildFile; fileRef = 49225DDB282D22A600993A22 /* CardView.swift */; };
		49225DDE282D22E600993A22 /* EmojiOptionsOverlay.swift in Sources */ = {isa = PBXBuildFile; fileRef = 49225DDD282D22E600993A22 /* EmojiOptionsOverlay.swift */; };
		49225DE0282D232500993A22 /* ImageCard.swift in Sources */ = {isa = PBXBuildFile; fileRef = 49225DDF282D232500993A22 /* ImageCard.swift */; };
		49225DE4282D245700993A22 /* LoginScreen.swift in Sources */ = {isa = PBXBuildFile; fileRef = 49225DE3282D245700993A22 /* LoginScreen.swift */; };
		493B2DD2282D204700BC4B7E /* AppDelegate.swift in Sources */ = {isa = PBXBuildFile; fileRef = 493B2DD1282D204700BC4B7E /* AppDelegate.swift */; };
		493B2DD4282D204700BC4B7E /* SceneDelegate.swift in Sources */ = {isa = PBXBuildFile; fileRef = 493B2DD3282D204700BC4B7E /* SceneDelegate.swift */; };
		493B2DD6282D204700BC4B7E /* ViewController.swift in Sources */ = {isa = PBXBuildFile; fileRef = 493B2DD5282D204700BC4B7E /* ViewController.swift */; };
		493B2DD9282D204700BC4B7E /* Main.storyboard in Resources */ = {isa = PBXBuildFile; fileRef = 493B2DD7282D204700BC4B7E /* Main.storyboard */; };
		493B2DDE282D204800BC4B7E /* LaunchScreen.storyboard in Resources */ = {isa = PBXBuildFile; fileRef = 493B2DDC282D204800BC4B7E /* LaunchScreen.storyboard */; };
		494DBB0928375996007200BA /* FirebaseAuth in Frameworks */ = {isa = PBXBuildFile; productRef = 494DBB0828375996007200BA /* FirebaseAuth */; };
		494DBB0B28375996007200BA /* FirebaseFirestore in Frameworks */ = {isa = PBXBuildFile; productRef = 494DBB0A28375996007200BA /* FirebaseFirestore */; };
		494DBB0D28375996007200BA /* FirebaseFirestoreSwift-Beta in Frameworks */ = {isa = PBXBuildFile; productRef = 494DBB0C28375996007200BA /* FirebaseFirestoreSwift-Beta */; };
		494DBB0F28376729007200BA /* RegisterScreen.swift in Sources */ = {isa = PBXBuildFile; fileRef = 494DBB0E28376729007200BA /* RegisterScreen.swift */; };
		494DBB1428377105007200BA /* DatabaseProtocol.swift in Sources */ = {isa = PBXBuildFile; fileRef = 494DBB1328377105007200BA /* DatabaseProtocol.swift */; };
		494DBB1628377127007200BA /* MulticastDelegate.swift in Sources */ = {isa = PBXBuildFile; fileRef = 494DBB1528377127007200BA /* MulticastDelegate.swift */; };
		494DBB1828377161007200BA /* FirebaseController.swift in Sources */ = {isa = PBXBuildFile; fileRef = 494DBB1728377161007200BA /* FirebaseController.swift */; };
		494DBB1A28377331007200BA /* User.swift in Sources */ = {isa = PBXBuildFile; fileRef = 494DBB1928377331007200BA /* User.swift */; };
		494DBB1C28377451007200BA /* Tree.swift in Sources */ = {isa = PBXBuildFile; fileRef = 494DBB1B28377451007200BA /* Tree.swift */; };
		494DBB1E2837755E007200BA /* AllTrees.swift in Sources */ = {isa = PBXBuildFile; fileRef = 494DBB1D2837755E007200BA /* AllTrees.swift */; };
		4987CF082840C74F008AE5E0 /* GoogleService-Info.plist in Resources */ = {isa = PBXBuildFile; fileRef = 4987CF072840C74F008AE5E0 /* GoogleService-Info.plist */; };
/* End PBXBuildFile section */

/* Begin PBXFileReference section */
		4900ECB0282E1F570077994B /* MapScreen.swift */ = {isa = PBXFileReference; lastKnownFileType = sourcecode.swift; name = MapScreen.swift; path = Chemistree/MapScreen.swift; sourceTree = "<group>"; };
		4900ECB4282E21F10077994B /* LocationAnnotation.swift */ = {isa = PBXFileReference; lastKnownFileType = sourcecode.swift; path = LocationAnnotation.swift; sourceTree = "<group>"; };
		4900ECB6282E22680077994B /* NewLocationDelegate.swift */ = {isa = PBXFileReference; lastKnownFileType = sourcecode.swift; path = NewLocationDelegate.swift; sourceTree = "<group>"; };
		4900ECBC282E2FDD0077994B /* Assets.xcassets */ = {isa = PBXFileReference; lastKnownFileType = folder.assetcatalog; name = Assets.xcassets; path = Chemistree/Assets.xcassets; sourceTree = "<group>"; };
		490B804E282F7FD10020D69E /* CameraScreen.swift */ = {isa = PBXFileReference; lastKnownFileType = sourcecode.swift; path = CameraScreen.swift; sourceTree = "<group>"; };
		49225DDB282D22A600993A22 /* CardView.swift */ = {isa = PBXFileReference; lastKnownFileType = sourcecode.swift; name = CardView.swift; path = Chemistree/CardView.swift; sourceTree = "<group>"; };
		49225DDD282D22E600993A22 /* EmojiOptionsOverlay.swift */ = {isa = PBXFileReference; lastKnownFileType = sourcecode.swift; name = EmojiOptionsOverlay.swift; path = Chemistree/EmojiOptionsOverlay.swift; sourceTree = "<group>"; };
		49225DDF282D232500993A22 /* ImageCard.swift */ = {isa = PBXFileReference; lastKnownFileType = sourcecode.swift; name = ImageCard.swift; path = Chemistree/ImageCard.swift; sourceTree = "<group>"; };
		49225DE3282D245700993A22 /* LoginScreen.swift */ = {isa = PBXFileReference; lastKnownFileType = sourcecode.swift; name = LoginScreen.swift; path = Chemistree/LoginScreen.swift; sourceTree = "<group>"; };
		493B2DCE282D204700BC4B7E /* Chemistree.app */ = {isa = PBXFileReference; explicitFileType = wrapper.application; includeInIndex = 0; path = Chemistree.app; sourceTree = BUILT_PRODUCTS_DIR; };
		493B2DD1282D204700BC4B7E /* AppDelegate.swift */ = {isa = PBXFileReference; lastKnownFileType = sourcecode.swift; path = AppDelegate.swift; sourceTree = "<group>"; };
		493B2DD3282D204700BC4B7E /* SceneDelegate.swift */ = {isa = PBXFileReference; lastKnownFileType = sourcecode.swift; path = SceneDelegate.swift; sourceTree = "<group>"; };
		493B2DD5282D204700BC4B7E /* ViewController.swift */ = {isa = PBXFileReference; lastKnownFileType = sourcecode.swift; path = ViewController.swift; sourceTree = "<group>"; };
		493B2DD8282D204700BC4B7E /* Base */ = {isa = PBXFileReference; lastKnownFileType = file.storyboard; name = Base; path = Base.lproj/Main.storyboard; sourceTree = "<group>"; };
		493B2DDD282D204800BC4B7E /* Base */ = {isa = PBXFileReference; lastKnownFileType = file.storyboard; name = Base; path = Base.lproj/LaunchScreen.storyboard; sourceTree = "<group>"; };
		493B2DDF282D204800BC4B7E /* Info.plist */ = {isa = PBXFileReference; lastKnownFileType = text.plist.xml; path = Info.plist; sourceTree = "<group>"; };
		494DBB0E28376729007200BA /* RegisterScreen.swift */ = {isa = PBXFileReference; lastKnownFileType = sourcecode.swift; path = RegisterScreen.swift; sourceTree = "<group>"; };
		494DBB1328377105007200BA /* DatabaseProtocol.swift */ = {isa = PBXFileReference; lastKnownFileType = sourcecode.swift; path = DatabaseProtocol.swift; sourceTree = "<group>"; };
		494DBB1528377127007200BA /* MulticastDelegate.swift */ = {isa = PBXFileReference; lastKnownFileType = sourcecode.swift; path = MulticastDelegate.swift; sourceTree = "<group>"; };
		494DBB1728377161007200BA /* FirebaseController.swift */ = {isa = PBXFileReference; lastKnownFileType = sourcecode.swift; path = FirebaseController.swift; sourceTree = "<group>"; };
		494DBB1928377331007200BA /* User.swift */ = {isa = PBXFileReference; lastKnownFileType = sourcecode.swift; path = User.swift; sourceTree = "<group>"; };
		494DBB1B28377451007200BA /* Tree.swift */ = {isa = PBXFileReference; lastKnownFileType = sourcecode.swift; path = Tree.swift; sourceTree = "<group>"; };
		494DBB1D2837755E007200BA /* AllTrees.swift */ = {isa = PBXFileReference; lastKnownFileType = sourcecode.swift; path = AllTrees.swift; sourceTree = "<group>"; };
		4987CF072840C74F008AE5E0 /* GoogleService-Info.plist */ = {isa = PBXFileReference; fileEncoding = 4; lastKnownFileType = text.plist.xml; path = "GoogleService-Info.plist"; sourceTree = "<group>"; };
/* End PBXFileReference section */

/* Begin PBXFrameworksBuildPhase section */
		493B2DCB282D204700BC4B7E /* Frameworks */ = {
			isa = PBXFrameworksBuildPhase;
			buildActionMask = 2147483647;
			files = (
				494DBB0D28375996007200BA /* FirebaseFirestoreSwift-Beta in Frameworks */,
				494DBB0928375996007200BA /* FirebaseAuth in Frameworks */,
				494DBB0B28375996007200BA /* FirebaseFirestore in Frameworks */,
			);
			runOnlyForDeploymentPostprocessing = 0;
		};
/* End PBXFrameworksBuildPhase section */

/* Begin PBXGroup section */
		493B2DC5282D204700BC4B7E = {
			isa = PBXGroup;
			children = (
				494DBB12283770D6007200BA /* Database */,
				4900ECBC282E2FDD0077994B /* Assets.xcassets */,
				49225DDF282D232500993A22 /* ImageCard.swift */,
				49225DDD282D22E600993A22 /* EmojiOptionsOverlay.swift */,
				49225DDB282D22A600993A22 /* CardView.swift */,
				493B2DD5282D204700BC4B7E /* ViewController.swift */,
				49225DE3282D245700993A22 /* LoginScreen.swift */,
				494DBB0E28376729007200BA /* RegisterScreen.swift */,
				4900ECB0282E1F570077994B /* MapScreen.swift */,
				490B804E282F7FD10020D69E /* CameraScreen.swift */,
				4900ECB4282E21F10077994B /* LocationAnnotation.swift */,
				4900ECB6282E22680077994B /* NewLocationDelegate.swift */,
				493B2DD0282D204700BC4B7E /* Chemistree */,
				493B2DCF282D204700BC4B7E /* Products */,
			);
			sourceTree = "<group>";
		};
		493B2DCF282D204700BC4B7E /* Products */ = {
			isa = PBXGroup;
			children = (
				493B2DCE282D204700BC4B7E /* Chemistree.app */,
			);
			name = Products;
			sourceTree = "<group>";
		};
		493B2DD0282D204700BC4B7E /* Chemistree */ = {
			isa = PBXGroup;
			children = (
				493B2DD1282D204700BC4B7E /* AppDelegate.swift */,
				493B2DD3282D204700BC4B7E /* SceneDelegate.swift */,
				493B2DD7282D204700BC4B7E /* Main.storyboard */,
				493B2DDC282D204800BC4B7E /* LaunchScreen.storyboard */,
				493B2DDF282D204800BC4B7E /* Info.plist */,
			);
			path = Chemistree;
			sourceTree = "<group>";
		};
		494DBB12283770D6007200BA /* Database */ = {
			isa = PBXGroup;
			children = (
				494DBB1328377105007200BA /* DatabaseProtocol.swift */,
				494DBB1528377127007200BA /* MulticastDelegate.swift */,
				494DBB1728377161007200BA /* FirebaseController.swift */,
				494DBB1928377331007200BA /* User.swift */,
				494DBB1B28377451007200BA /* Tree.swift */,
				494DBB1D2837755E007200BA /* AllTrees.swift */,
				4987CF072840C74F008AE5E0 /* GoogleService-Info.plist */,
			);
			path = Database;
			sourceTree = "<group>";
		};
/* End PBXGroup section */

/* Begin PBXNativeTarget section */
		493B2DCD282D204700BC4B7E /* Chemistree */ = {
			isa = PBXNativeTarget;
			buildConfigurationList = 493B2DE2282D204800BC4B7E /* Build configuration list for PBXNativeTarget "Chemistree" */;
			buildPhases = (
				493B2DCA282D204700BC4B7E /* Sources */,
				493B2DCB282D204700BC4B7E /* Frameworks */,
				493B2DCC282D204700BC4B7E /* Resources */,
			);
			buildRules = (
			);
			dependencies = (
			);
			name = Chemistree;
			packageProductDependencies = (
				494DBB0828375996007200BA /* FirebaseAuth */,
				494DBB0A28375996007200BA /* FirebaseFirestore */,
				494DBB0C28375996007200BA /* FirebaseFirestoreSwift-Beta */,
			);
			productName = Chemistree;
			productReference = 493B2DCE282D204700BC4B7E /* Chemistree.app */;
			productType = "com.apple.product-type.application";
		};
/* End PBXNativeTarget section */

/* Begin PBXProject section */
		493B2DC6282D204700BC4B7E /* Project object */ = {
			isa = PBXProject;
			attributes = {
				BuildIndependentTargetsInParallel = 1;
				LastSwiftUpdateCheck = 1320;
				LastUpgradeCheck = 1320;
				TargetAttributes = {
					493B2DCD282D204700BC4B7E = {
						CreatedOnToolsVersion = 13.2.1;
					};
				};
			};
			buildConfigurationList = 493B2DC9282D204700BC4B7E /* Build configuration list for PBXProject "Chemistree" */;
			compatibilityVersion = "Xcode 13.0";
			developmentRegion = en;
			hasScannedForEncodings = 0;
			knownRegions = (
				en,
				Base,
			);
			mainGroup = 493B2DC5282D204700BC4B7E;
			packageReferences = (
				494DBB0728375996007200BA /* XCRemoteSwiftPackageReference "firebase-ios-sdk" */,
			);
			productRefGroup = 493B2DCF282D204700BC4B7E /* Products */;
			projectDirPath = "";
			projectRoot = "";
			targets = (
				493B2DCD282D204700BC4B7E /* Chemistree */,
			);
		};
/* End PBXProject section */

/* Begin PBXResourcesBuildPhase section */
		493B2DCC282D204700BC4B7E /* Resources */ = {
			isa = PBXResourcesBuildPhase;
			buildActionMask = 2147483647;
			files = (
				493B2DDE282D204800BC4B7E /* LaunchScreen.storyboard in Resources */,
				4987CF082840C74F008AE5E0 /* GoogleService-Info.plist in Resources */,
				4900ECBD282E2FDE0077994B /* Assets.xcassets in Resources */,
				493B2DD9282D204700BC4B7E /* Main.storyboard in Resources */,
			);
			runOnlyForDeploymentPostprocessing = 0;
		};
/* End PBXResourcesBuildPhase section */

/* Begin PBXSourcesBuildPhase section */
		493B2DCA282D204700BC4B7E /* Sources */ = {
			isa = PBXSourcesBuildPhase;
			buildActionMask = 2147483647;
			files = (
				494DBB1828377161007200BA /* FirebaseController.swift in Sources */,
				494DBB1E2837755E007200BA /* AllTrees.swift in Sources */,
				494DBB1428377105007200BA /* DatabaseProtocol.swift in Sources */,
				494DBB0F28376729007200BA /* RegisterScreen.swift in Sources */,
				4900ECB1282E1F570077994B /* MapScreen.swift in Sources */,
				494DBB1A28377331007200BA /* User.swift in Sources */,
				493B2DD6282D204700BC4B7E /* ViewController.swift in Sources */,
				494DBB1C28377451007200BA /* Tree.swift in Sources */,
				49225DE0282D232500993A22 /* ImageCard.swift in Sources */,
				493B2DD2282D204700BC4B7E /* AppDelegate.swift in Sources */,
				4900ECB7282E22680077994B /* NewLocationDelegate.swift in Sources */,
				490B804F282F7FD10020D69E /* CameraScreen.swift in Sources */,
				49225DDE282D22E600993A22 /* EmojiOptionsOverlay.swift in Sources */,
				494DBB1628377127007200BA /* MulticastDelegate.swift in Sources */,
				4900ECB5282E21F10077994B /* LocationAnnotation.swift in Sources */,
				49225DE4282D245700993A22 /* LoginScreen.swift in Sources */,
				49225DDC282D22A600993A22 /* CardView.swift in Sources */,
				493B2DD4282D204700BC4B7E /* SceneDelegate.swift in Sources */,
			);
			runOnlyForDeploymentPostprocessing = 0;
		};
/* End PBXSourcesBuildPhase section */

/* Begin PBXVariantGroup section */
		493B2DD7282D204700BC4B7E /* Main.storyboard */ = {
			isa = PBXVariantGroup;
			children = (
				493B2DD8282D204700BC4B7E /* Base */,
			);
			name = Main.storyboard;
			sourceTree = "<group>";
		};
		493B2DDC282D204800BC4B7E /* LaunchScreen.storyboard */ = {
			isa = PBXVariantGroup;
			children = (
				493B2DDD282D204800BC4B7E /* Base */,
			);
			name = LaunchScreen.storyboard;
			sourceTree = "<group>";
		};
/* End PBXVariantGroup section */

/* Begin XCBuildConfiguration section */
		493B2DE0282D204800BC4B7E /* Debug */ = {
			isa = XCBuildConfiguration;
			buildSettings = {
				ALWAYS_SEARCH_USER_PATHS = NO;
				CLANG_ANALYZER_NONNULL = YES;
				CLANG_ANALYZER_NUMBER_OBJECT_CONVERSION = YES_AGGRESSIVE;
				CLANG_CXX_LANGUAGE_STANDARD = "gnu++17";
				CLANG_CXX_LIBRARY = "libc++";
				CLANG_ENABLE_MODULES = YES;
				CLANG_ENABLE_OBJC_ARC = YES;
				CLANG_ENABLE_OBJC_WEAK = YES;
				CLANG_WARN_BLOCK_CAPTURE_AUTORELEASING = YES;
				CLANG_WARN_BOOL_CONVERSION = YES;
				CLANG_WARN_COMMA = YES;
				CLANG_WARN_CONSTANT_CONVERSION = YES;
				CLANG_WARN_DEPRECATED_OBJC_IMPLEMENTATIONS = YES;
				CLANG_WARN_DIRECT_OBJC_ISA_USAGE = YES_ERROR;
				CLANG_WARN_DOCUMENTATION_COMMENTS = YES;
				CLANG_WARN_EMPTY_BODY = YES;
				CLANG_WARN_ENUM_CONVERSION = YES;
				CLANG_WARN_INFINITE_RECURSION = YES;
				CLANG_WARN_INT_CONVERSION = YES;
				CLANG_WARN_NON_LITERAL_NULL_CONVERSION = YES;
				CLANG_WARN_OBJC_IMPLICIT_RETAIN_SELF = YES;
				CLANG_WARN_OBJC_LITERAL_CONVERSION = YES;
				CLANG_WARN_OBJC_ROOT_CLASS = YES_ERROR;
				CLANG_WARN_QUOTED_INCLUDE_IN_FRAMEWORK_HEADER = YES;
				CLANG_WARN_RANGE_LOOP_ANALYSIS = YES;
				CLANG_WARN_STRICT_PROTOTYPES = YES;
				CLANG_WARN_SUSPICIOUS_MOVE = YES;
				CLANG_WARN_UNGUARDED_AVAILABILITY = YES_AGGRESSIVE;
				CLANG_WARN_UNREACHABLE_CODE = YES;
				CLANG_WARN__DUPLICATE_METHOD_MATCH = YES;
				COPY_PHASE_STRIP = NO;
				DEBUG_INFORMATION_FORMAT = dwarf;
				ENABLE_STRICT_OBJC_MSGSEND = YES;
				ENABLE_TESTABILITY = YES;
				GCC_C_LANGUAGE_STANDARD = gnu11;
				GCC_DYNAMIC_NO_PIC = NO;
				GCC_NO_COMMON_BLOCKS = YES;
				GCC_OPTIMIZATION_LEVEL = 0;
				GCC_PREPROCESSOR_DEFINITIONS = (
					"DEBUG=1",
					"$(inherited)",
				);
				GCC_WARN_64_TO_32_BIT_CONVERSION = YES;
				GCC_WARN_ABOUT_RETURN_TYPE = YES_ERROR;
				GCC_WARN_UNDECLARED_SELECTOR = YES;
				GCC_WARN_UNINITIALIZED_AUTOS = YES_AGGRESSIVE;
				GCC_WARN_UNUSED_FUNCTION = YES;
				GCC_WARN_UNUSED_VARIABLE = YES;
				IPHONEOS_DEPLOYMENT_TARGET = 15.2;
				MTL_ENABLE_DEBUG_INFO = INCLUDE_SOURCE;
				MTL_FAST_MATH = YES;
				ONLY_ACTIVE_ARCH = YES;
				SDKROOT = iphoneos;
				SWIFT_ACTIVE_COMPILATION_CONDITIONS = DEBUG;
				SWIFT_OPTIMIZATION_LEVEL = "-Onone";
			};
			name = Debug;
		};
		493B2DE1282D204800BC4B7E /* Release */ = {
			isa = XCBuildConfiguration;
			buildSettings = {
				ALWAYS_SEARCH_USER_PATHS = NO;
				CLANG_ANALYZER_NONNULL = YES;
				CLANG_ANALYZER_NUMBER_OBJECT_CONVERSION = YES_AGGRESSIVE;
				CLANG_CXX_LANGUAGE_STANDARD = "gnu++17";
				CLANG_CXX_LIBRARY = "libc++";
				CLANG_ENABLE_MODULES = YES;
				CLANG_ENABLE_OBJC_ARC = YES;
				CLANG_ENABLE_OBJC_WEAK = YES;
				CLANG_WARN_BLOCK_CAPTURE_AUTORELEASING = YES;
				CLANG_WARN_BOOL_CONVERSION = YES;
				CLANG_WARN_COMMA = YES;
				CLANG_WARN_CONSTANT_CONVERSION = YES;
				CLANG_WARN_DEPRECATED_OBJC_IMPLEMENTATIONS = YES;
				CLANG_WARN_DIRECT_OBJC_ISA_USAGE = YES_ERROR;
				CLANG_WARN_DOCUMENTATION_COMMENTS = YES;
				CLANG_WARN_EMPTY_BODY = YES;
				CLANG_WARN_ENUM_CONVERSION = YES;
				CLANG_WARN_INFINITE_RECURSION = YES;
				CLANG_WARN_INT_CONVERSION = YES;
				CLANG_WARN_NON_LITERAL_NULL_CONVERSION = YES;
				CLANG_WARN_OBJC_IMPLICIT_RETAIN_SELF = YES;
				CLANG_WARN_OBJC_LITERAL_CONVERSION = YES;
				CLANG_WARN_OBJC_ROOT_CLASS = YES_ERROR;
				CLANG_WARN_QUOTED_INCLUDE_IN_FRAMEWORK_HEADER = YES;
				CLANG_WARN_RANGE_LOOP_ANALYSIS = YES;
				CLANG_WARN_STRICT_PROTOTYPES = YES;
				CLANG_WARN_SUSPICIOUS_MOVE = YES;
				CLANG_WARN_UNGUARDED_AVAILABILITY = YES_AGGRESSIVE;
				CLANG_WARN_UNREACHABLE_CODE = YES;
				CLANG_WARN__DUPLICATE_METHOD_MATCH = YES;
				COPY_PHASE_STRIP = NO;
				DEBUG_INFORMATION_FORMAT = "dwarf-with-dsym";
				ENABLE_NS_ASSERTIONS = NO;
				ENABLE_STRICT_OBJC_MSGSEND = YES;
				GCC_C_LANGUAGE_STANDARD = gnu11;
				GCC_NO_COMMON_BLOCKS = YES;
				GCC_WARN_64_TO_32_BIT_CONVERSION = YES;
				GCC_WARN_ABOUT_RETURN_TYPE = YES_ERROR;
				GCC_WARN_UNDECLARED_SELECTOR = YES;
				GCC_WARN_UNINITIALIZED_AUTOS = YES_AGGRESSIVE;
				GCC_WARN_UNUSED_FUNCTION = YES;
				GCC_WARN_UNUSED_VARIABLE = YES;
				IPHONEOS_DEPLOYMENT_TARGET = 15.2;
				MTL_ENABLE_DEBUG_INFO = NO;
				MTL_FAST_MATH = YES;
				SDKROOT = iphoneos;
				SWIFT_COMPILATION_MODE = wholemodule;
				SWIFT_OPTIMIZATION_LEVEL = "-O";
				VALIDATE_PRODUCT = YES;
			};
			name = Release;
		};
		493B2DE3282D204800BC4B7E /* Debug */ = {
			isa = XCBuildConfiguration;
			buildSettings = {
				ASSETCATALOG_COMPILER_APPICON_NAME = AppIcon;
				ASSETCATALOG_COMPILER_GLOBAL_ACCENT_COLOR_NAME = AccentColor;
				CODE_SIGN_STYLE = Automatic;
				CURRENT_PROJECT_VERSION = 1;
				DEVELOPMENT_TEAM = 9MWACK3582;
				GENERATE_INFOPLIST_FILE = YES;
				INFOPLIST_FILE = Chemistree/Info.plist;
				INFOPLIST_KEY_UIApplicationSupportsIndirectInputEvents = YES;
				INFOPLIST_KEY_UILaunchStoryboardName = LaunchScreen;
				INFOPLIST_KEY_UIMainStoryboardFile = Main;
				INFOPLIST_KEY_UISupportedInterfaceOrientations_iPad = "UIInterfaceOrientationPortrait UIInterfaceOrientationPortraitUpsideDown UIInterfaceOrientationLandscapeLeft UIInterfaceOrientationLandscapeRight";
				INFOPLIST_KEY_UISupportedInterfaceOrientations_iPhone = "UIInterfaceOrientationPortrait UIInterfaceOrientationLandscapeLeft UIInterfaceOrientationLandscapeRight";
				LD_RUNPATH_SEARCH_PATHS = (
					"$(inherited)",
					"@executable_path/Frameworks",
				);
				MARKETING_VERSION = 1.0;
				PRODUCT_BUNDLE_IDENTIFIER = edu.monash.Chemistree;
				PRODUCT_NAME = "$(TARGET_NAME)";
				SWIFT_EMIT_LOC_STRINGS = YES;
				SWIFT_VERSION = 5.0;
				TARGETED_DEVICE_FAMILY = "1,2";
			};
			name = Debug;
		};
		493B2DE4282D204800BC4B7E /* Release */ = {
			isa = XCBuildConfiguration;
			buildSettings = {
				ASSETCATALOG_COMPILER_APPICON_NAME = AppIcon;
				ASSETCATALOG_COMPILER_GLOBAL_ACCENT_COLOR_NAME = AccentColor;
				CODE_SIGN_STYLE = Automatic;
				CURRENT_PROJECT_VERSION = 1;
				DEVELOPMENT_TEAM = 9MWACK3582;
				GENERATE_INFOPLIST_FILE = YES;
				INFOPLIST_FILE = Chemistree/Info.plist;
				INFOPLIST_KEY_UIApplicationSupportsIndirectInputEvents = YES;
				INFOPLIST_KEY_UILaunchStoryboardName = LaunchScreen;
				INFOPLIST_KEY_UIMainStoryboardFile = Main;
				INFOPLIST_KEY_UISupportedInterfaceOrientations_iPad = "UIInterfaceOrientationPortrait UIInterfaceOrientationPortraitUpsideDown UIInterfaceOrientationLandscapeLeft UIInterfaceOrientationLandscapeRight";
				INFOPLIST_KEY_UISupportedInterfaceOrientations_iPhone = "UIInterfaceOrientationPortrait UIInterfaceOrientationLandscapeLeft UIInterfaceOrientationLandscapeRight";
				LD_RUNPATH_SEARCH_PATHS = (
					"$(inherited)",
					"@executable_path/Frameworks",
				);
				MARKETING_VERSION = 1.0;
				PRODUCT_BUNDLE_IDENTIFIER = edu.monash.Chemistree;
				PRODUCT_NAME = "$(TARGET_NAME)";
				SWIFT_EMIT_LOC_STRINGS = YES;
				SWIFT_VERSION = 5.0;
				TARGETED_DEVICE_FAMILY = "1,2";
			};
			name = Release;
		};
/* End XCBuildConfiguration section */

/* Begin XCConfigurationList section */
		493B2DC9282D204700BC4B7E /* Build configuration list for PBXProject "Chemistree" */ = {
			isa = XCConfigurationList;
			buildConfigurations = (
				493B2DE0282D204800BC4B7E /* Debug */,
				493B2DE1282D204800BC4B7E /* Release */,
			);
			defaultConfigurationIsVisible = 0;
			defaultConfigurationName = Release;
		};
		493B2DE2282D204800BC4B7E /* Build configuration list for PBXNativeTarget "Chemistree" */ = {
			isa = XCConfigurationList;
			buildConfigurations = (
				493B2DE3282D204800BC4B7E /* Debug */,
				493B2DE4282D204800BC4B7E /* Release */,
			);
			defaultConfigurationIsVisible = 0;
			defaultConfigurationName = Release;
		};
/* End XCConfigurationList section */

/* Begin XCRemoteSwiftPackageReference section */
		494DBB0728375996007200BA /* XCRemoteSwiftPackageReference "firebase-ios-sdk" */ = {
			isa = XCRemoteSwiftPackageReference;
			repositoryURL = "https://github.com/firebase/firebase-ios-sdk.git";
			requirement = {
				kind = exactVersion;
				version = 8.15.0;
			};
		};
/* End XCRemoteSwiftPackageReference section */

/* Begin XCSwiftPackageProductDependency section */
		494DBB0828375996007200BA /* FirebaseAuth */ = {
			isa = XCSwiftPackageProductDependency;
			package = 494DBB0728375996007200BA /* XCRemoteSwiftPackageReference "firebase-ios-sdk" */;
			productName = FirebaseAuth;
		};
		494DBB0A28375996007200BA /* FirebaseFirestore */ = {
			isa = XCSwiftPackageProductDependency;
			package = 494DBB0728375996007200BA /* XCRemoteSwiftPackageReference "firebase-ios-sdk" */;
			productName = FirebaseFirestore;
		};
		494DBB0C28375996007200BA /* FirebaseFirestoreSwift-Beta */ = {
			isa = XCSwiftPackageProductDependency;
			package = 494DBB0728375996007200BA /* XCRemoteSwiftPackageReference "firebase-ios-sdk" */;
			productName = "FirebaseFirestoreSwift-Beta";
		};
/* End XCSwiftPackageProductDependency section */
	};
	rootObject = 493B2DC6282D204700BC4B7E /* Project object */;
}
